
Microsoft Visual Studio Solution File, Format Version 12.00
Project("{FAE04EC0-301F-11D3-BF4B-00C04F79EFBC}") = "CurrencyView", "CurrencyView\CurrencyView.csproj", "{50D51D4B-BBDC-49D1-8053-CC6CAD54E203}"
EndProject
Project("{FAE04EC0-301F-11D3-BF4B-00C04F79EFBC}") = "RateGetters", "RateGetters\RateGetters.csproj", "{9EBD51DC-4A68-49C6-948E-3612E45A41D2}"
EndProject
Global
	GlobalSection(SolutionConfigurationPlatforms) = preSolution
		Debug|Any CPU = Debug|Any CPU
		Release|Any CPU = Release|Any CPU
	EndGlobalSection
	GlobalSection(ProjectConfigurationPlatforms) = postSolution
		{50D51D4B-BBDC-49D1-8053-CC6CAD54E203}.Debug|Any CPU.ActiveCfg = Debug|Any CPU
		{50D51D4B-BBDC-49D1-8053-CC6CAD54E203}.Debug|Any CPU.Build.0 = Debug|Any CPU
		{50D51D4B-BBDC-49D1-8053-CC6CAD54E203}.Release|Any CPU.ActiveCfg = Release|Any CPU
		{50D51D4B-BBDC-49D1-8053-CC6CAD54E203}.Release|Any CPU.Build.0 = Release|Any CPU
		{9EBD51DC-4A68-49C6-948E-3612E45A41D2}.Debug|Any CPU.ActiveCfg = Debug|Any CPU
		{9EBD51DC-4A68-49C6-948E-3612E45A41D2}.Debug|Any CPU.Build.0 = Debug|Any CPU
		{9EBD51DC-4A68-49C6-948E-3612E45A41D2}.Release|Any CPU.ActiveCfg = Release|Any CPU
		{9EBD51DC-4A68-49C6-948E-3612E45A41D2}.Release|Any CPU.Build.0 = Release|Any CPU
	EndGlobalSection
EndGlobal
